
Microsoft Visual Studio Solution File, Format Version 12.00
# Visual Studio Version 17
VisualStudioVersion = 17.7.34009.444
MinimumVisualStudioVersion = 10.0.40219.1
Project("{FAE04EC0-301F-11D3-BF4B-00C04F79EFBC}") = "WebBanHangOnline", "WebBanHangOnline\WebBanHangOnline.csproj", "{32A44D7F-C887-401E-90A5-760BA168EB2D}"
EndProject
Global
	GlobalSection(SolutionConfigurationPlatforms) = preSolution
		Debug|Any CPU = Debug|Any CPU
		Release|Any CPU = Release|Any CPU
	EndGlobalSection
	GlobalSection(ProjectConfigurationPlatforms) = postSolution
		{32A44D7F-C887-401E-90A5-760BA168EB2D}.Debug|Any CPU.ActiveCfg = Debug|Any CPU
		{32A44D7F-C887-401E-90A5-760BA168EB2D}.Debug|Any CPU.Build.0 = Debug|Any CPU
		{32A44D7F-C887-401E-90A5-760BA168EB2D}.Release|Any CPU.ActiveCfg = Release|Any CPU
		{32A44D7F-C887-401E-90A5-760BA168EB2D}.Release|Any CPU.Build.0 = Release|Any CPU
	EndGlobalSection
	GlobalSection(SolutionProperties) = preSolution
		HideSolutionNode = FALSE
	EndGlobalSection
	GlobalSection(ExtensibilityGlobals) = postSolution
		SolutionGuid = {638DC980-A38A-4CC9-901C-933BCF691706}
	EndGlobalSection
EndGlobal
